
Microsoft Visual Studio Solution File, Format Version 12.00
# Visual Studio Version 17
VisualStudioVersion = 17.3.32901.215
MinimumVisualStudioVersion = 10.0.40219.1
Project("{FAE04EC0-301F-11D3-BF4B-00C04F79EFBC}") = "WebMVCR1", "WebMVCR1\WebMVCR1.csproj", "{D5F9A619-5A5E-4BCD-BBFD-D5E6633874C3}"
EndProject
Project("{FAE04EC0-301F-11D3-BF4B-00C04F79EFBC}") = "MvcCreditApp1", "MvcCreditApp1\MvcCreditApp1.csproj", "{A20F893A-972B-4445-A105-8349910EE32A}"
EndProject
Global
	GlobalSection(SolutionConfigurationPlatforms) = preSolution
		Debug|Any CPU = Debug|Any CPU
		Release|Any CPU = Release|Any CPU
	EndGlobalSection
	GlobalSection(ProjectConfigurationPlatforms) = postSolution
		{D5F9A619-5A5E-4BCD-BBFD-D5E6633874C3}.Debug|Any CPU.ActiveCfg = Debug|Any CPU
		{D5F9A619-5A5E-4BCD-BBFD-D5E6633874C3}.Debug|Any CPU.Build.0 = Debug|Any CPU
		{D5F9A619-5A5E-4BCD-BBFD-D5E6633874C3}.Release|Any CPU.ActiveCfg = Release|Any CPU
		{D5F9A619-5A5E-4BCD-BBFD-D5E6633874C3}.Release|Any CPU.Build.0 = Release|Any CPU
		{A20F893A-972B-4445-A105-8349910EE32A}.Debug|Any CPU.ActiveCfg = Debug|Any CPU
		{A20F893A-972B-4445-A105-8349910EE32A}.Debug|Any CPU.Build.0 = Debug|Any CPU
		{A20F893A-972B-4445-A105-8349910EE32A}.Release|Any CPU.ActiveCfg = Release|Any CPU
		{A20F893A-972B-4445-A105-8349910EE32A}.Release|Any CPU.Build.0 = Release|Any CPU
	EndGlobalSection
	GlobalSection(SolutionProperties) = preSolution
		HideSolutionNode = FALSE
	EndGlobalSection
	GlobalSection(ExtensibilityGlobals) = postSolution
		SolutionGuid = {3A8D129A-3ED1-436C-B721-E2B265AC2E19}
	EndGlobalSection
EndGlobal
