
Microsoft Visual Studio Solution File, Format Version 12.00
# Visual Studio Version 17
VisualStudioVersion = 17.3.32901.215
MinimumVisualStudioVersion = 10.0.40219.1
Project("{FAE04EC0-301F-11D3-BF4B-00C04F79EFBC}") = "ITMO.124-16.Leontev.ASP.NET.ExamStudentsAPP", "ITMO.124-16.Leontev.ASP.NET.ExamStudentsAPP\ITMO.124-16.Leontev.ASP.NET.ExamStudentsAPP.csproj", "{31B691D4-5393-42A3-99D3-2521E80DE455}"
EndProject
Global
	GlobalSection(SolutionConfigurationPlatforms) = preSolution
		Debug|Any CPU = Debug|Any CPU
		Release|Any CPU = Release|Any CPU
	EndGlobalSection
	GlobalSection(ProjectConfigurationPlatforms) = postSolution
		{31B691D4-5393-42A3-99D3-2521E80DE455}.Debug|Any CPU.ActiveCfg = Debug|Any CPU
		{31B691D4-5393-42A3-99D3-2521E80DE455}.Debug|Any CPU.Build.0 = Debug|Any CPU
		{31B691D4-5393-42A3-99D3-2521E80DE455}.Release|Any CPU.ActiveCfg = Release|Any CPU
		{31B691D4-5393-42A3-99D3-2521E80DE455}.Release|Any CPU.Build.0 = Release|Any CPU
	EndGlobalSection
	GlobalSection(SolutionProperties) = preSolution
		HideSolutionNode = FALSE
	EndGlobalSection
	GlobalSection(ExtensibilityGlobals) = postSolution
		SolutionGuid = {BCC59116-A10B-440D-A525-001651B488CE}
	EndGlobalSection
EndGlobal
